
Microsoft Visual Studio Solution File, Format Version 12.00
# Visual Studio Version 17
VisualStudioVersion = 17.12.35707.178 d17.12
MinimumVisualStudioVersion = 10.0.40219.1
Project("{FAE04EC0-301F-11D3-BF4B-00C04F79EFBC}") = "BloodBankApp", "BloodBankApp\BloodBankApp.csproj", "{2FC23C42-08E9-4FC3-A2F8-D3E6A36141C5}"
EndProject
Global
	GlobalSection(SolutionConfigurationPlatforms) = preSolution
		Debug|Any CPU = Debug|Any CPU
		Release|Any CPU = Release|Any CPU
	EndGlobalSection
	GlobalSection(ProjectConfigurationPlatforms) = postSolution
		{2FC23C42-08E9-4FC3-A2F8-D3E6A36141C5}.Debug|Any CPU.ActiveCfg = Debug|Any CPU
		{2FC23C42-08E9-4FC3-A2F8-D3E6A36141C5}.Debug|Any CPU.Build.0 = Debug|Any CPU
		{2FC23C42-08E9-4FC3-A2F8-D3E6A36141C5}.Release|Any CPU.ActiveCfg = Release|Any CPU
		{2FC23C42-08E9-4FC3-A2F8-D3E6A36141C5}.Release|Any CPU.Build.0 = Release|Any CPU
	EndGlobalSection
	GlobalSection(SolutionProperties) = preSolution
		HideSolutionNode = FALSE
	EndGlobalSection
EndGlobal
